
Microsoft Visual Studio Solution File, Format Version 12.00
# Visual Studio Version 17
VisualStudioVersion = 17.4.33122.133
MinimumVisualStudioVersion = 10.0.40219.1
Project("{FAE04EC0-301F-11D3-BF4B-00C04F79EFBC}") = "9.5", "9.5\9.5.csproj", "{DDE8C74A-6CA1-4897-A9E8-734BA8152520}"
EndProject
Global
	GlobalSection(SolutionConfigurationPlatforms) = preSolution
		Debug|Any CPU = Debug|Any CPU
		Release|Any CPU = Release|Any CPU
	EndGlobalSection
	GlobalSection(ProjectConfigurationPlatforms) = postSolution
		{DDE8C74A-6CA1-4897-A9E8-734BA8152520}.Debug|Any CPU.ActiveCfg = Debug|Any CPU
		{DDE8C74A-6CA1-4897-A9E8-734BA8152520}.Debug|Any CPU.Build.0 = Debug|Any CPU
		{DDE8C74A-6CA1-4897-A9E8-734BA8152520}.Release|Any CPU.ActiveCfg = Release|Any CPU
		{DDE8C74A-6CA1-4897-A9E8-734BA8152520}.Release|Any CPU.Build.0 = Release|Any CPU
	EndGlobalSection
	GlobalSection(SolutionProperties) = preSolution
		HideSolutionNode = FALSE
	EndGlobalSection
	GlobalSection(ExtensibilityGlobals) = postSolution
		SolutionGuid = {89ED4212-A513-4E7F-9D23-1DAC945CD197}
	EndGlobalSection
EndGlobal
